
Microsoft Visual Studio Solution File, Format Version 12.00
# Visual Studio Version 17
VisualStudioVersion = 17.7.34031.279
MinimumVisualStudioVersion = 10.0.40219.1
Project("{8BC9CEB8-8B4A-11D0-8D11-00A0C91BC942}") = "lab5t1", "lab5t1\lab5t1.vcxproj", "{53DD2AAE-47D3-452C-AFFA-9BBA37560D33}"
EndProject
Project("{8BC9CEB8-8B4A-11D0-8D11-00A0C91BC942}") = "lab5t2", "lab5t2\lab5t2.vcxproj", "{D7340175-BEE1-4117-91E2-772FD678DBA7}"
EndProject
Project("{8BC9CEB8-8B4A-11D0-8D11-00A0C91BC942}") = "lab5t3", "lab5t3\lab5t3.vcxproj", "{18A5FB3E-D58B-45D3-B1EE-634C49D73532}"
EndProject
Project("{8BC9CEB8-8B4A-11D0-8D11-00A0C91BC942}") = "lab5hw", "lab5hw\lab5hw.vcxproj", "{CD16ADF9-41B9-4A71-AD1E-E13A754B3FF3}"
EndProject
Global
	GlobalSection(SolutionConfigurationPlatforms) = preSolution
		Debug|x64 = Debug|x64
		Debug|x86 = Debug|x86
		Release|x64 = Release|x64
		Release|x86 = Release|x86
	EndGlobalSection
	GlobalSection(ProjectConfigurationPlatforms) = postSolution
		{53DD2AAE-47D3-452C-AFFA-9BBA37560D33}.Debug|x64.ActiveCfg = Debug|x64
		{53DD2AAE-47D3-452C-AFFA-9BBA37560D33}.Debug|x64.Build.0 = Debug|x64
		{53DD2AAE-47D3-452C-AFFA-9BBA37560D33}.Debug|x86.ActiveCfg = Debug|Win32
		{53DD2AAE-47D3-452C-AFFA-9BBA37560D33}.Debug|x86.Build.0 = Debug|Win32
		{53DD2AAE-47D3-452C-AFFA-9BBA37560D33}.Release|x64.ActiveCfg = Release|x64
		{53DD2AAE-47D3-452C-AFFA-9BBA37560D33}.Release|x64.Build.0 = Release|x64
		{53DD2AAE-47D3-452C-AFFA-9BBA37560D33}.Release|x86.ActiveCfg = Release|Win32
		{53DD2AAE-47D3-452C-AFFA-9BBA37560D33}.Release|x86.Build.0 = Release|Win32
		{D7340175-BEE1-4117-91E2-772FD678DBA7}.Debug|x64.ActiveCfg = Debug|x64
		{D7340175-BEE1-4117-91E2-772FD678DBA7}.Debug|x64.Build.0 = Debug|x64
		{D7340175-BEE1-4117-91E2-772FD678DBA7}.Debug|x86.ActiveCfg = Debug|Win32
		{D7340175-BEE1-4117-91E2-772FD678DBA7}.Debug|x86.Build.0 = Debug|Win32
		{D7340175-BEE1-4117-91E2-772FD678DBA7}.Release|x64.ActiveCfg = Release|x64
		{D7340175-BEE1-4117-91E2-772FD678DBA7}.Release|x64.Build.0 = Release|x64
		{D7340175-BEE1-4117-91E2-772FD678DBA7}.Release|x86.ActiveCfg = Release|Win32
		{D7340175-BEE1-4117-91E2-772FD678DBA7}.Release|x86.Build.0 = Release|Win32
		{18A5FB3E-D58B-45D3-B1EE-634C49D73532}.Debug|x64.ActiveCfg = Debug|x64
		{18A5FB3E-D58B-45D3-B1EE-634C49D73532}.Debug|x64.Build.0 = Debug|x64
		{18A5FB3E-D58B-45D3-B1EE-634C49D73532}.Debug|x86.ActiveCfg = Debug|Win32
		{18A5FB3E-D58B-45D3-B1EE-634C49D73532}.Debug|x86.Build.0 = Debug|Win32
		{18A5FB3E-D58B-45D3-B1EE-634C49D73532}.Release|x64.ActiveCfg = Release|x64
		{18A5FB3E-D58B-45D3-B1EE-634C49D73532}.Release|x64.Build.0 = Release|x64
		{18A5FB3E-D58B-45D3-B1EE-634C49D73532}.Release|x86.ActiveCfg = Release|Win32
		{18A5FB3E-D58B-45D3-B1EE-634C49D73532}.Release|x86.Build.0 = Release|Win32
		{CD16ADF9-41B9-4A71-AD1E-E13A754B3FF3}.Debug|x64.ActiveCfg = Debug|x64
		{CD16ADF9-41B9-4A71-AD1E-E13A754B3FF3}.Debug|x64.Build.0 = Debug|x64
		{CD16ADF9-41B9-4A71-AD1E-E13A754B3FF3}.Debug|x86.ActiveCfg = Debug|Win32
		{CD16ADF9-41B9-4A71-AD1E-E13A754B3FF3}.Debug|x86.Build.0 = Debug|Win32
		{CD16ADF9-41B9-4A71-AD1E-E13A754B3FF3}.Release|x64.ActiveCfg = Release|x64
		{CD16ADF9-41B9-4A71-AD1E-E13A754B3FF3}.Release|x64.Build.0 = Release|x64
		{CD16ADF9-41B9-4A71-AD1E-E13A754B3FF3}.Release|x86.ActiveCfg = Release|Win32
		{CD16ADF9-41B9-4A71-AD1E-E13A754B3FF3}.Release|x86.Build.0 = Release|Win32
	EndGlobalSection
	GlobalSection(SolutionProperties) = preSolution
		HideSolutionNode = FALSE
	EndGlobalSection
	GlobalSection(ExtensibilityGlobals) = postSolution
		SolutionGuid = {3EC498A2-333E-450E-9BFA-A82D228A728A}
	EndGlobalSection
EndGlobal
